// !$*UTF8*$!
{
	archiveVersion = 1;
	classes = {
	};
	objectVersion = 56;
	objects = {

/* Begin PBXBuildFile section */
		AB8C1453299024D60039F6E0 /* QuizObj.swift in Sources */ = {isa = PBXBuildFile; fileRef = AB8C1452299024D60039F6E0 /* QuizObj.swift */; };
		ABCB4A73298F619D00B129C6 /* QuizLogic.swift in Sources */ = {isa = PBXBuildFile; fileRef = ABCB4A72298F619D00B129C6 /* QuizLogic.swift */; };
		ABF16CE8298F12BB00BDBFB5 /* AppDelegate.swift in Sources */ = {isa = PBXBuildFile; fileRef = ABF16CE7298F12BB00BDBFB5 /* AppDelegate.swift */; };
		ABF16CEA298F12BB00BDBFB5 /* SceneDelegate.swift in Sources */ = {isa = PBXBuildFile; fileRef = ABF16CE9298F12BB00BDBFB5 /* SceneDelegate.swift */; };
		ABF16CEC298F12BB00BDBFB5 /* ViewController.swift in Sources */ = {isa = PBXBuildFile; fileRef = ABF16CEB298F12BB00BDBFB5 /* ViewController.swift */; };
		ABF16CEF298F12BB00BDBFB5 /* Main.storyboard in Resources */ = {isa = PBXBuildFile; fileRef = ABF16CED298F12BB00BDBFB5 /* Main.storyboard */; };
		ABF16CF1298F12BC00BDBFB5 /* Assets.xcassets in Resources */ = {isa = PBXBuildFile; fileRef = ABF16CF0298F12BC00BDBFB5 /* Assets.xcassets */; };
		ABF16CF4298F12BC00BDBFB5 /* LaunchScreen.storyboard in Resources */ = {isa = PBXBuildFile; fileRef = ABF16CF2298F12BC00BDBFB5 /* LaunchScreen.storyboard */; };
/* End PBXBuildFile section */

/* Begin PBXFileReference section */
		AB8C1452299024D60039F6E0 /* QuizObj.swift */ = {isa = PBXFileReference; lastKnownFileType = sourcecode.swift; path = QuizObj.swift; sourceTree = "<group>"; };
		ABCB4A72298F619D00B129C6 /* QuizLogic.swift */ = {isa = PBXFileReference; lastKnownFileType = sourcecode.swift; path = QuizLogic.swift; sourceTree = "<group>"; };
		ABF16CE4298F12BB00BDBFB5 /* quizGame.app */ = {isa = PBXFileReference; explicitFileType = wrapper.application; includeInIndex = 0; path = quizGame.app; sourceTree = BUILT_PRODUCTS_DIR; };
		ABF16CE7298F12BB00BDBFB5 /* AppDelegate.swift */ = {isa = PBXFileReference; lastKnownFileType = sourcecode.swift; path = AppDelegate.swift; sourceTree = "<group>"; };
		ABF16CE9298F12BB00BDBFB5 /* SceneDelegate.swift */ = {isa = PBXFileReference; lastKnownFileType = sourcecode.swift; path = SceneDelegate.swift; sourceTree = "<group>"; };
		ABF16CEB298F12BB00BDBFB5 /* ViewController.swift */ = {isa = PBXFileReference; lastKnownFileType = sourcecode.swift; path = ViewController.swift; sourceTree = "<group>"; };
		ABF16CEE298F12BB00BDBFB5 /* Base */ = {isa = PBXFileReference; lastKnownFileType = file.storyboard; name = Base; path = Base.lproj/Main.storyboard; sourceTree = "<group>"; };
		ABF16CF0298F12BC00BDBFB5 /* Assets.xcassets */ = {isa = PBXFileReference; lastKnownFileType = folder.assetcatalog; path = Assets.xcassets; sourceTree = "<group>"; };
		ABF16CF3298F12BC00BDBFB5 /* Base */ = {isa = PBXFileReference; lastKnownFileType = file.storyboard; name = Base; path = Base.lproj/LaunchScreen.storyboard; sourceTree = "<group>"; };
		ABF16CF5298F12BC00BDBFB5 /* Info.plist */ = {isa = PBXFileReference; lastKnownFileType = text.plist.xml; path = Info.plist; sourceTree = "<group>"; };
/* End PBXFileReference section */

/* Begin PBXFrameworksBuildPhase section */
		ABF16CE1298F12BB00BDBFB5 /* Frameworks */ = {
			isa = PBXFrameworksBuildPhase;
			buildActionMask = 2147483647;
			files = (
			);
			runOnlyForDeploymentPostprocessing = 0;
		};
/* End PBXFrameworksBuildPhase section */

/* Begin PBXGroup section */
		ABF16CDB298F12BB00BDBFB5 = {
			isa = PBXGroup;
			children = (
				ABF16CE6298F12BB00BDBFB5 /* quizGame */,
				ABF16CE5298F12BB00BDBFB5 /* Products */,
			);
			sourceTree = "<group>";
		};
		ABF16CE5298F12BB00BDBFB5 /* Products */ = {
			isa = PBXGroup;
			children = (
				ABF16CE4298F12BB00BDBFB5 /* quizGame.app */,
			);
			name = Products;
			sourceTree = "<group>";
		};
		ABF16CE6298F12BB00BDBFB5 /* quizGame */ = {
			isa = PBXGroup;
			children = (
				ABF16CFD298F15F700BDBFB5 /* Model */,
				ABF16CFB298F15DF00BDBFB5 /* View */,
				ABF16CFC298F15F200BDBFB5 /* Controller */,
				ABF16CE7298F12BB00BDBFB5 /* AppDelegate.swift */,
				ABF16CE9298F12BB00BDBFB5 /* SceneDelegate.swift */,
				ABF16CF0298F12BC00BDBFB5 /* Assets.xcassets */,
				ABF16CF2298F12BC00BDBFB5 /* LaunchScreen.storyboard */,
				ABF16CF5298F12BC00BDBFB5 /* Info.plist */,
			);
			path = quizGame;
			sourceTree = "<group>";
		};
		ABF16CFB298F15DF00BDBFB5 /* View */ = {
			isa = PBXGroup;
			children = (
				ABF16CED298F12BB00BDBFB5 /* Main.storyboard */,
			);
			path = View;
			sourceTree = "<group>";
		};
		ABF16CFC298F15F200BDBFB5 /* Controller */ = {
			isa = PBXGroup;
			children = (
				ABF16CEB298F12BB00BDBFB5 /* ViewController.swift */,
			);
			path = Controller;
			sourceTree = "<group>";
		};
		ABF16CFD298F15F700BDBFB5 /* Model */ = {
			isa = PBXGroup;
			children = (
				ABCB4A72298F619D00B129C6 /* QuizLogic.swift */,
				AB8C1452299024D60039F6E0 /* QuizObj.swift */,
			);
			path = Model;
			sourceTree = "<group>";
		};
/* End PBXGroup section */

/* Begin PBXNativeTarget section */
		ABF16CE3298F12BB00BDBFB5 /* quizGame */ = {
			isa = PBXNativeTarget;
			buildConfigurationList = ABF16CF8298F12BC00BDBFB5 /* Build configuration list for PBXNativeTarget "quizGame" */;
			buildPhases = (
				ABF16CE0298F12BB00BDBFB5 /* Sources */,
				ABF16CE1298F12BB00BDBFB5 /* Frameworks */,
				ABF16CE2298F12BB00BDBFB5 /* Resources */,
			);
			buildRules = (
			);
			dependencies = (
			);
			name = quizGame;
			productName = quizGame;
			productReference = ABF16CE4298F12BB00BDBFB5 /* quizGame.app */;
			productType = "com.apple.product-type.application";
		};
/* End PBXNativeTarget section */

/* Begin PBXProject section */
		ABF16CDC298F12BB00BDBFB5 /* Project object */ = {
			isa = PBXProject;
			attributes = {
				BuildIndependentTargetsInParallel = 1;
				LastSwiftUpdateCheck = 1420;
				LastUpgradeCheck = 1420;
				TargetAttributes = {
					ABF16CE3298F12BB00BDBFB5 = {
						CreatedOnToolsVersion = 14.2;
					};
				};
			};
			buildConfigurationList = ABF16CDF298F12BB00BDBFB5 /* Build configuration list for PBXProject "quizGame" */;
			compatibilityVersion = "Xcode 14.0";
			developmentRegion = en;
			hasScannedForEncodings = 0;
			knownRegions = (
				en,
				Base,
			);
			mainGroup = ABF16CDB298F12BB00BDBFB5;
			productRefGroup = ABF16CE5298F12BB00BDBFB5 /* Products */;
			projectDirPath = "";
			projectRoot = "";
			targets = (
				ABF16CE3298F12BB00BDBFB5 /* quizGame */,
			);
		};
/* End PBXProject section */

/* Begin PBXResourcesBuildPhase section */
		ABF16CE2298F12BB00BDBFB5 /* Resources */ = {
			isa = PBXResourcesBuildPhase;
			buildActionMask = 2147483647;
			files = (
				ABF16CF4298F12BC00BDBFB5 /* LaunchScreen.storyboard in Resources */,
				ABF16CF1298F12BC00BDBFB5 /* Assets.xcassets in Resources */,
				ABF16CEF298F12BB00BDBFB5 /* Main.storyboard in Resources */,
			);
			runOnlyForDeploymentPostprocessing = 0;
		};
/* End PBXResourcesBuildPhase section */

/* Begin PBXSourcesBuildPhase section */
		ABF16CE0298F12BB00BDBFB5 /* Sources */ = {
			isa = PBXSourcesBuildPhase;
			buildActionMask = 2147483647;
			files = (
				ABF16CEC298F12BB00BDBFB5 /* ViewController.swift in Sources */,
				ABCB4A73298F619D00B129C6 /* QuizLogic.swift in Sources */,
				AB8C1453299024D60039F6E0 /* QuizObj.swift in Sources */,
				ABF16CE8298F12BB00BDBFB5 /* AppDelegate.swift in Sources */,
				ABF16CEA298F12BB00BDBFB5 /* SceneDelegate.swift in Sources */,
			);
			runOnlyForDeploymentPostprocessing = 0;
		};
/* End PBXSourcesBuildPhase section */

/* Begin PBXVariantGroup section */
		ABF16CED298F12BB00BDBFB5 /* Main.storyboard */ = {
			isa = PBXVariantGroup;
			children = (
				ABF16CEE298F12BB00BDBFB5 /* Base */,
			);
			name = Main.storyboard;
			sourceTree = "<group>";
		};
		ABF16CF2298F12BC00BDBFB5 /* LaunchScreen.storyboard */ = {
			isa = PBXVariantGroup;
			children = (
				ABF16CF3298F12BC00BDBFB5 /* Base */,
			);
			name = LaunchScreen.storyboard;
			sourceTree = "<group>";
		};
/* End PBXVariantGroup section */

/* Begin XCBuildConfiguration section */
		ABF16CF6298F12BC00BDBFB5 /* Debug */ = {
			isa = XCBuildConfiguration;
			buildSettings = {
				ALWAYS_SEARCH_USER_PATHS = NO;
				CLANG_ANALYZER_NONNULL = YES;
				CLANG_ANALYZER_NUMBER_OBJECT_CONVERSION = YES_AGGRESSIVE;
				CLANG_CXX_LANGUAGE_STANDARD = "gnu++20";
				CLANG_ENABLE_MODULES = YES;
				CLANG_ENABLE_OBJC_ARC = YES;
				CLANG_ENABLE_OBJC_WEAK = YES;
				CLANG_WARN_BLOCK_CAPTURE_AUTORELEASING = YES;
				CLANG_WARN_BOOL_CONVERSION = YES;
				CLANG_WARN_COMMA = YES;
				CLANG_WARN_CONSTANT_CONVERSION = YES;
				CLANG_WARN_DEPRECATED_OBJC_IMPLEMENTATIONS = YES;
				CLANG_WARN_DIRECT_OBJC_ISA_USAGE = YES_ERROR;
				CLANG_WARN_DOCUMENTATION_COMMENTS = YES;
				CLANG_WARN_EMPTY_BODY = YES;
				CLANG_WARN_ENUM_CONVERSION = YES;
				CLANG_WARN_INFINITE_RECURSION = YES;
				CLANG_WARN_INT_CONVERSION = YES;
				CLANG_WARN_NON_LITERAL_NULL_CONVERSION = YES;
				CLANG_WARN_OBJC_IMPLICIT_RETAIN_SELF = YES;
				CLANG_WARN_OBJC_LITERAL_CONVERSION = YES;
				CLANG_WARN_OBJC_ROOT_CLASS = YES_ERROR;
				CLANG_WARN_QUOTED_INCLUDE_IN_FRAMEWORK_HEADER = YES;
				CLANG_WARN_RANGE_LOOP_ANALYSIS = YES;
				CLANG_WARN_STRICT_PROTOTYPES = YES;
				CLANG_WARN_SUSPICIOUS_MOVE = YES;
				CLANG_WARN_UNGUARDED_AVAILABILITY = YES_AGGRESSIVE;
				CLANG_WARN_UNREACHABLE_CODE = YES;
				CLANG_WARN__DUPLICATE_METHOD_MATCH = YES;
				COPY_PHASE_STRIP = NO;
				DEBUG_INFORMATION_FORMAT = dwarf;
				ENABLE_STRICT_OBJC_MSGSEND = YES;
				ENABLE_TESTABILITY = YES;
				GCC_C_LANGUAGE_STANDARD = gnu11;
				GCC_DYNAMIC_NO_PIC = NO;
				GCC_NO_COMMON_BLOCKS = YES;
				GCC_OPTIMIZATION_LEVEL = 0;
				GCC_PREPROCESSOR_DEFINITIONS = (
					"DEBUG=1",
					"$(inherited)",
				);
				GCC_WARN_64_TO_32_BIT_CONVERSION = YES;
				GCC_WARN_ABOUT_RETURN_TYPE = YES_ERROR;
				GCC_WARN_UNDECLARED_SELECTOR = YES;
				GCC_WARN_UNINITIALIZED_AUTOS = YES_AGGRESSIVE;
				GCC_WARN_UNUSED_FUNCTION = YES;
				GCC_WARN_UNUSED_VARIABLE = YES;
				IPHONEOS_DEPLOYMENT_TARGET = 16.2;
				MTL_ENABLE_DEBUG_INFO = INCLUDE_SOURCE;
				MTL_FAST_MATH = YES;
				ONLY_ACTIVE_ARCH = YES;
				SDKROOT = iphoneos;
				SWIFT_ACTIVE_COMPILATION_CONDITIONS = DEBUG;
				SWIFT_OPTIMIZATION_LEVEL = "-Onone";
			};
			name = Debug;
		};
		ABF16CF7298F12BC00BDBFB5 /* Release */ = {
			isa = XCBuildConfiguration;
			buildSettings = {
				ALWAYS_SEARCH_USER_PATHS = NO;
				CLANG_ANALYZER_NONNULL = YES;
				CLANG_ANALYZER_NUMBER_OBJECT_CONVERSION = YES_AGGRESSIVE;
				CLANG_CXX_LANGUAGE_STANDARD = "gnu++20";
				CLANG_ENABLE_MODULES = YES;
				CLANG_ENABLE_OBJC_ARC = YES;
				CLANG_ENABLE_OBJC_WEAK = YES;
				CLANG_WARN_BLOCK_CAPTURE_AUTORELEASING = YES;
				CLANG_WARN_BOOL_CONVERSION = YES;
				CLANG_WARN_COMMA = YES;
				CLANG_WARN_CONSTANT_CONVERSION = YES;
				CLANG_WARN_DEPRECATED_OBJC_IMPLEMENTATIONS = YES;
				CLANG_WARN_DIRECT_OBJC_ISA_USAGE = YES_ERROR;
				CLANG_WARN_DOCUMENTATION_COMMENTS = YES;
				CLANG_WARN_EMPTY_BODY = YES;
				CLANG_WARN_ENUM_CONVERSION = YES;
				CLANG_WARN_INFINITE_RECURSION = YES;
				CLANG_WARN_INT_CONVERSION = YES;
				CLANG_WARN_NON_LITERAL_NULL_CONVERSION = YES;
				CLANG_WARN_OBJC_IMPLICIT_RETAIN_SELF = YES;
				CLANG_WARN_OBJC_LITERAL_CONVERSION = YES;
				CLANG_WARN_OBJC_ROOT_CLASS = YES_ERROR;
				CLANG_WARN_QUOTED_INCLUDE_IN_FRAMEWORK_HEADER = YES;
				CLANG_WARN_RANGE_LOOP_ANALYSIS = YES;
				CLANG_WARN_STRICT_PROTOTYPES = YES;
				CLANG_WARN_SUSPICIOUS_MOVE = YES;
				CLANG_WARN_UNGUARDED_AVAILABILITY = YES_AGGRESSIVE;
				CLANG_WARN_UNREACHABLE_CODE = YES;
				CLANG_WARN__DUPLICATE_METHOD_MATCH = YES;
				COPY_PHASE_STRIP = NO;
				DEBUG_INFORMATION_FORMAT = "dwarf-with-dsym";
				ENABLE_NS_ASSERTIONS = NO;
				ENABLE_STRICT_OBJC_MSGSEND = YES;
				GCC_C_LANGUAGE_STANDARD = gnu11;
				GCC_NO_COMMON_BLOCKS = YES;
				GCC_WARN_64_TO_32_BIT_CONVERSION = YES;
				GCC_WARN_ABOUT_RETURN_TYPE = YES_ERROR;
				GCC_WARN_UNDECLARED_SELECTOR = YES;
				GCC_WARN_UNINITIALIZED_AUTOS = YES_AGGRESSIVE;
				GCC_WARN_UNUSED_FUNCTION = YES;
				GCC_WARN_UNUSED_VARIABLE = YES;
				IPHONEOS_DEPLOYMENT_TARGET = 16.2;
				MTL_ENABLE_DEBUG_INFO = NO;
				MTL_FAST_MATH = YES;
				SDKROOT = iphoneos;
				SWIFT_COMPILATION_MODE = wholemodule;
				SWIFT_OPTIMIZATION_LEVEL = "-O";
				VALIDATE_PRODUCT = YES;
			};
			name = Release;
		};
		ABF16CF9298F12BC00BDBFB5 /* Debug */ = {
			isa = XCBuildConfiguration;
			buildSettings = {
				ASSETCATALOG_COMPILER_APPICON_NAME = AppIcon;
				ASSETCATALOG_COMPILER_GLOBAL_ACCENT_COLOR_NAME = AccentColor;
				CODE_SIGN_STYLE = Automatic;
				CURRENT_PROJECT_VERSION = 1;
				GENERATE_INFOPLIST_FILE = YES;
				INFOPLIST_FILE = quizGame/Info.plist;
				INFOPLIST_KEY_UIApplicationSupportsIndirectInputEvents = YES;
				INFOPLIST_KEY_UILaunchStoryboardName = LaunchScreen;
				INFOPLIST_KEY_UIMainStoryboardFile = Main;
				INFOPLIST_KEY_UISupportedInterfaceOrientations_iPad = "UIInterfaceOrientationPortrait UIInterfaceOrientationPortraitUpsideDown UIInterfaceOrientationLandscapeLeft UIInterfaceOrientationLandscapeRight";
				INFOPLIST_KEY_UISupportedInterfaceOrientations_iPhone = "UIInterfaceOrientationPortrait UIInterfaceOrientationLandscapeLeft UIInterfaceOrientationLandscapeRight";
				LD_RUNPATH_SEARCH_PATHS = (
					"$(inherited)",
					"@executable_path/Frameworks",
				);
				MARKETING_VERSION = 1.0;
				PRODUCT_BUNDLE_IDENTIFIER = com.JesusGonzalez.quizGame;
				PRODUCT_NAME = "$(TARGET_NAME)";
				SWIFT_EMIT_LOC_STRINGS = YES;
				SWIFT_VERSION = 5.0;
				TARGETED_DEVICE_FAMILY = "1,2";
			};
			name = Debug;
		};
		ABF16CFA298F12BC00BDBFB5 /* Release */ = {
			isa = XCBuildConfiguration;
			buildSettings = {
				ASSETCATALOG_COMPILER_APPICON_NAME = AppIcon;
				ASSETCATALOG_COMPILER_GLOBAL_ACCENT_COLOR_NAME = AccentColor;
				CODE_SIGN_STYLE = Automatic;
				CURRENT_PROJECT_VERSION = 1;
				GENERATE_INFOPLIST_FILE = YES;
				INFOPLIST_FILE = quizGame/Info.plist;
				INFOPLIST_KEY_UIApplicationSupportsIndirectInputEvents = YES;
				INFOPLIST_KEY_UILaunchStoryboardName = LaunchScreen;
				INFOPLIST_KEY_UIMainStoryboardFile = Main;
				INFOPLIST_KEY_UISupportedInterfaceOrientations_iPad = "UIInterfaceOrientationPortrait UIInterfaceOrientationPortraitUpsideDown UIInterfaceOrientationLandscapeLeft UIInterfaceOrientationLandscapeRight";
				INFOPLIST_KEY_UISupportedInterfaceOrientations_iPhone = "UIInterfaceOrientationPortrait UIInterfaceOrientationLandscapeLeft UIInterfaceOrientationLandscapeRight";
				LD_RUNPATH_SEARCH_PATHS = (
					"$(inherited)",
					"@executable_path/Frameworks",
				);
				MARKETING_VERSION = 1.0;
				PRODUCT_BUNDLE_IDENTIFIER = com.JesusGonzalez.quizGame;
				PRODUCT_NAME = "$(TARGET_NAME)";
				SWIFT_EMIT_LOC_STRINGS = YES;
				SWIFT_VERSION = 5.0;
				TARGETED_DEVICE_FAMILY = "1,2";
			};
			name = Release;
		};
/* End XCBuildConfiguration section */

/* Begin XCConfigurationList section */
		ABF16CDF298F12BB00BDBFB5 /* Build configuration list for PBXProject "quizGame" */ = {
			isa = XCConfigurationList;
			buildConfigurations = (
				ABF16CF6298F12BC00BDBFB5 /* Debug */,
				ABF16CF7298F12BC00BDBFB5 /* Release */,
			);
			defaultConfigurationIsVisible = 0;
			defaultConfigurationName = Release;
		};
		ABF16CF8298F12BC00BDBFB5 /* Build configuration list for PBXNativeTarget "quizGame" */ = {
			isa = XCConfigurationList;
			buildConfigurations = (
				ABF16CF9298F12BC00BDBFB5 /* Debug */,
				ABF16CFA298F12BC00BDBFB5 /* Release */,
			);
			defaultConfigurationIsVisible = 0;
			defaultConfigurationName = Release;
		};
/* End XCConfigurationList section */
	};
	rootObject = ABF16CDC298F12BB00BDBFB5 /* Project object */;
}
